// !$*UTF8*$!
{
	archiveVersion = 1;
	classes = {
	};
	objectVersion = 51;
	objects = {

/* Begin PBXBuildFile section */
		1D03FB442611B97000D839FA /* Strings.swift in Sources */ = {isa = PBXBuildFile; fileRef = 1D03FB432611B97000D839FA /* Strings.swift */; };
		1D0456042610054E000956DE /* SearchResultViewHeader.swift in Sources */ = {isa = PBXBuildFile; fileRef = 1D0456032610054E000956DE /* SearchResultViewHeader.swift */; };
		1D045646261015F7000956DE /* SearchItemResponse.swift in Sources */ = {isa = PBXBuildFile; fileRef = 1D045645261015F7000956DE /* SearchItemResponse.swift */; };
		1D0456542610206B000956DE /* ItemDetailsErrorResponse.swift in Sources */ = {isa = PBXBuildFile; fileRef = 1D0456532610206B000956DE /* ItemDetailsErrorResponse.swift */; };
		1D04568026109FD3000956DE /* ApiSearch.swift in Sources */ = {isa = PBXBuildFile; fileRef = 1D04567F26109FD3000956DE /* ApiSearch.swift */; };
		1D04568526109FF0000956DE /* DataHandler.swift in Sources */ = {isa = PBXBuildFile; fileRef = 1D04568426109FF0000956DE /* DataHandler.swift */; };
		1D04568D2610A0F2000956DE /* EndpointProtocol.swift in Sources */ = {isa = PBXBuildFile; fileRef = 1D04568C2610A0F2000956DE /* EndpointProtocol.swift */; };
		1D0456952610CBD1000956DE /* PictureCollectionCell.swift in Sources */ = {isa = PBXBuildFile; fileRef = 1D0456942610CBD1000956DE /* PictureCollectionCell.swift */; };
		1D2DC5F9260DCC5000F1EDA8 /* ProductDetailsInteractor.swift in Sources */ = {isa = PBXBuildFile; fileRef = 1D2DC5F8260DCC5000F1EDA8 /* ProductDetailsInteractor.swift */; };
		1D2DC5FE260DCC7E00F1EDA8 /* ProductDetailsPresenter.swift in Sources */ = {isa = PBXBuildFile; fileRef = 1D2DC5FD260DCC7E00F1EDA8 /* ProductDetailsPresenter.swift */; };
		1D2DC640260DCF9000F1EDA8 /* Api.swift in Sources */ = {isa = PBXBuildFile; fileRef = 1D2DC63F260DCF9000F1EDA8 /* Api.swift */; };
		1D2DC648260DD91900F1EDA8 /* ItemDetailsSuccessResponse.swift in Sources */ = {isa = PBXBuildFile; fileRef = 1D2DC647260DD91900F1EDA8 /* ItemDetailsSuccessResponse.swift */; };
		1D2DC64D260DE22900F1EDA8 /* ItemDetailsPictureResponse.swift in Sources */ = {isa = PBXBuildFile; fileRef = 1D2DC64C260DE22900F1EDA8 /* ItemDetailsPictureResponse.swift */; };
		1D2DC652260DE24100F1EDA8 /* ItemDetailsAttributeResponse.swift in Sources */ = {isa = PBXBuildFile; fileRef = 1D2DC651260DE24100F1EDA8 /* ItemDetailsAttributeResponse.swift */; };
		1D2F9AAF260CB0F200F62E0F /* AppDelegate.swift in Sources */ = {isa = PBXBuildFile; fileRef = 1D2F9AAE260CB0F200F62E0F /* AppDelegate.swift */; };
		1D2F9AB1260CB0F200F62E0F /* SceneDelegate.swift in Sources */ = {isa = PBXBuildFile; fileRef = 1D2F9AB0260CB0F200F62E0F /* SceneDelegate.swift */; };
		1D2F9AB9260CB0F200F62E0F /* LittleSearch.xcdatamodeld in Sources */ = {isa = PBXBuildFile; fileRef = 1D2F9AB7260CB0F200F62E0F /* LittleSearch.xcdatamodeld */; };
		1D2F9ABB260CB0F300F62E0F /* Assets.xcassets in Resources */ = {isa = PBXBuildFile; fileRef = 1D2F9ABA260CB0F300F62E0F /* Assets.xcassets */; };
		1D2F9ABE260CB0F300F62E0F /* LaunchScreen.storyboard in Resources */ = {isa = PBXBuildFile; fileRef = 1D2F9ABC260CB0F300F62E0F /* LaunchScreen.storyboard */; };
		1D2F9AC9260CB0F300F62E0F /* LittleSearchTests.swift in Sources */ = {isa = PBXBuildFile; fileRef = 1D2F9AC8260CB0F300F62E0F /* LittleSearchTests.swift */; };
		1D2F9AD4260CB0F300F62E0F /* LittleSearchUITests.swift in Sources */ = {isa = PBXBuildFile; fileRef = 1D2F9AD3260CB0F300F62E0F /* LittleSearchUITests.swift */; };
		1D5415F3260EB7DD00C6BBBA /* SearchResultViewCell.swift in Sources */ = {isa = PBXBuildFile; fileRef = 1D5415F2260EB7DD00C6BBBA /* SearchResultViewCell.swift */; };
		1D5415F8260F519900C6BBBA /* ViewConfiguration.swift in Sources */ = {isa = PBXBuildFile; fileRef = 1D5415F7260F519900C6BBBA /* ViewConfiguration.swift */; };
		1D541606260F8C8300C6BBBA /* InstallmentsResponse.swift in Sources */ = {isa = PBXBuildFile; fileRef = 1D541605260F8C8300C6BBBA /* InstallmentsResponse.swift */; };
		1D6095782613709A00F9053C /* ViewHelpers.swift in Sources */ = {isa = PBXBuildFile; fileRef = 1D6095772613709A00F9053C /* ViewHelpers.swift */; };
		1D6095862613862C00F9053C /* ErrorView.swift in Sources */ = {isa = PBXBuildFile; fileRef = 1D6095852613862C00F9053C /* ErrorView.swift */; };
		1D60958E2613865500F9053C /* EmptyView.swift in Sources */ = {isa = PBXBuildFile; fileRef = 1D60958D2613865500F9053C /* EmptyView.swift */; };
		1D6095932613AB0A00F9053C /* WelcomeView.swift in Sources */ = {isa = PBXBuildFile; fileRef = 1D6095922613AB0A00F9053C /* WelcomeView.swift */; };
		1D6095982613B54600F9053C /* UIView+Extension.swift in Sources */ = {isa = PBXBuildFile; fileRef = 1D6095972613B54600F9053C /* UIView+Extension.swift */; };
		1D63B967260E289000414B29 /* SearchResponse.swift in Sources */ = {isa = PBXBuildFile; fileRef = 1D63B966260E289000414B29 /* SearchResponse.swift */; };
		1D63B974260E2B6000414B29 /* HomeEndpoint.swift in Sources */ = {isa = PBXBuildFile; fileRef = 1D63B973260E2B6000414B29 /* HomeEndpoint.swift */; };
		1D7931182611C3150070DD68 /* LayoutDefaults.swift in Sources */ = {isa = PBXBuildFile; fileRef = 1D7931172611C3140070DD68 /* LayoutDefaults.swift */; };
		1D79311E2611C9870070DD68 /* Double+Extension.swift in Sources */ = {isa = PBXBuildFile; fileRef = 1D79311D2611C9870070DD68 /* Double+Extension.swift */; };
		1D7931272611CA510070DD68 /* InstallmentsUtils.swift in Sources */ = {isa = PBXBuildFile; fileRef = 1D7931262611CA510070DD68 /* InstallmentsUtils.swift */; };
		1D7931332611CD200070DD68 /* Localizable.strings in Resources */ = {isa = PBXBuildFile; fileRef = 1D7931352611CD200070DD68 /* Localizable.strings */; };
		1D7931402611D3620070DD68 /* FormatUtils.swift in Sources */ = {isa = PBXBuildFile; fileRef = 1D79313F2611D3620070DD68 /* FormatUtils.swift */; };
		1D94A8B4260CE404000117A1 /* HomeFactory.swift in Sources */ = {isa = PBXBuildFile; fileRef = 1D94A8AE260CE404000117A1 /* HomeFactory.swift */; };
		1D94A8B5260CE404000117A1 /* HomePresenter.swift in Sources */ = {isa = PBXBuildFile; fileRef = 1D94A8AF260CE404000117A1 /* HomePresenter.swift */; };
		1D94A8B6260CE404000117A1 /* HomeViewController.swift in Sources */ = {isa = PBXBuildFile; fileRef = 1D94A8B0260CE404000117A1 /* HomeViewController.swift */; };
		1D94A8B7260CE404000117A1 /* HomeInteractor.swift in Sources */ = {isa = PBXBuildFile; fileRef = 1D94A8B1260CE404000117A1 /* HomeInteractor.swift */; };
		1D94A90B260CFD32000117A1 /* HomeCoordinator.swift in Sources */ = {isa = PBXBuildFile; fileRef = 1D94A90A260CFD32000117A1 /* HomeCoordinator.swift */; };
		1D94A911260D00A8000117A1 /* ProductDetailsViewController.swift in Sources */ = {isa = PBXBuildFile; fileRef = 1D94A910260D00A8000117A1 /* ProductDetailsViewController.swift */; };
		1D94A919260D00B7000117A1 /* ProductDetailsFactory.swift in Sources */ = {isa = PBXBuildFile; fileRef = 1D94A918260D00B7000117A1 /* ProductDetailsFactory.swift */; };
		1D94A921260D4675000117A1 /* HomeCoordinatorTests.swift in Sources */ = {isa = PBXBuildFile; fileRef = 1D94A920260D4675000117A1 /* HomeCoordinatorTests.swift */; };
		1D94A92A260D4D88000117A1 /* NavigationControllerSpy.swift in Sources */ = {isa = PBXBuildFile; fileRef = 1D94A929260D4D88000117A1 /* NavigationControllerSpy.swift */; };
		1D94A932260D4DBD000117A1 /* ViewControllerSpy.swift in Sources */ = {isa = PBXBuildFile; fileRef = 1D94A931260D4DBD000117A1 /* ViewControllerSpy.swift */; };
		1D94A93A260D4E7B000117A1 /* HomeInteractorTests.swift in Sources */ = {isa = PBXBuildFile; fileRef = 1D94A939260D4E7B000117A1 /* HomeInteractorTests.swift */; };
		1D94A93F260D525A000117A1 /* HomePresenterTests.swift in Sources */ = {isa = PBXBuildFile; fileRef = 1D94A93E260D525A000117A1 /* HomePresenterTests.swift */; };
		1DA87CDF260E08EE00B8335A /* ProductDetailsEndpoint.swift in Sources */ = {isa = PBXBuildFile; fileRef = 1DA87CDE260E08EE00B8335A /* ProductDetailsEndpoint.swift */; };
		1DA87CE4260E092600B8335A /* ItemDetailsResponse.swift in Sources */ = {isa = PBXBuildFile; fileRef = 1DA87CE3260E092500B8335A /* ItemDetailsResponse.swift */; };
		41782603240A2EC2CA5560CC /* Pods_LittleSearch_LittleSearchUITests.framework in Frameworks */ = {isa = PBXBuildFile; fileRef = D48D3D2C50BA585976A9F084 /* Pods_LittleSearch_LittleSearchUITests.framework */; };
		526550BA1127DB00706F82E6 /* Pods_LittleSearchTests.framework in Frameworks */ = {isa = PBXBuildFile; fileRef = A6E1E002E8A3477430752DB3 /* Pods_LittleSearchTests.framework */; };
		D2C2990B136626F7280A93A0 /* Pods_LittleSearch.framework in Frameworks */ = {isa = PBXBuildFile; fileRef = 004032ECBDCD9D793914E04F /* Pods_LittleSearch.framework */; };
/* End PBXBuildFile section */

/* Begin PBXContainerItemProxy section */
		1D2F9AC5260CB0F300F62E0F /* PBXContainerItemProxy */ = {
			isa = PBXContainerItemProxy;
			containerPortal = 1D2F9AA3260CB0F200F62E0F /* Project object */;
			proxyType = 1;
			remoteGlobalIDString = 1D2F9AAA260CB0F200F62E0F;
			remoteInfo = LittleSearch;
		};
		1D2F9AD0260CB0F300F62E0F /* PBXContainerItemProxy */ = {
			isa = PBXContainerItemProxy;
			containerPortal = 1D2F9AA3260CB0F200F62E0F /* Project object */;
			proxyType = 1;
			remoteGlobalIDString = 1D2F9AAA260CB0F200F62E0F;
			remoteInfo = LittleSearch;
		};
/* End PBXContainerItemProxy section */

/* Begin PBXFileReference section */
		004032ECBDCD9D793914E04F /* Pods_LittleSearch.framework */ = {isa = PBXFileReference; explicitFileType = wrapper.framework; includeInIndex = 0; path = Pods_LittleSearch.framework; sourceTree = BUILT_PRODUCTS_DIR; };
		1D03FB432611B97000D839FA /* Strings.swift */ = {isa = PBXFileReference; lastKnownFileType = sourcecode.swift; path = Strings.swift; sourceTree = "<group>"; };
		1D0456032610054E000956DE /* SearchResultViewHeader.swift */ = {isa = PBXFileReference; lastKnownFileType = sourcecode.swift; path = SearchResultViewHeader.swift; sourceTree = "<group>"; };
		1D045645261015F7000956DE /* SearchItemResponse.swift */ = {isa = PBXFileReference; lastKnownFileType = sourcecode.swift; path = SearchItemResponse.swift; sourceTree = "<group>"; };
		1D0456532610206B000956DE /* ItemDetailsErrorResponse.swift */ = {isa = PBXFileReference; lastKnownFileType = sourcecode.swift; path = ItemDetailsErrorResponse.swift; sourceTree = "<group>"; };
		1D04567F26109FD3000956DE /* ApiSearch.swift */ = {isa = PBXFileReference; lastKnownFileType = sourcecode.swift; path = ApiSearch.swift; sourceTree = "<group>"; };
		1D04568426109FF0000956DE /* DataHandler.swift */ = {isa = PBXFileReference; lastKnownFileType = sourcecode.swift; path = DataHandler.swift; sourceTree = "<group>"; };
		1D04568C2610A0F2000956DE /* EndpointProtocol.swift */ = {isa = PBXFileReference; lastKnownFileType = sourcecode.swift; path = EndpointProtocol.swift; sourceTree = "<group>"; };
		1D0456942610CBD1000956DE /* PictureCollectionCell.swift */ = {isa = PBXFileReference; lastKnownFileType = sourcecode.swift; path = PictureCollectionCell.swift; sourceTree = "<group>"; };
		1D2DC5F8260DCC5000F1EDA8 /* ProductDetailsInteractor.swift */ = {isa = PBXFileReference; lastKnownFileType = sourcecode.swift; path = ProductDetailsInteractor.swift; sourceTree = "<group>"; };
		1D2DC5FD260DCC7E00F1EDA8 /* ProductDetailsPresenter.swift */ = {isa = PBXFileReference; lastKnownFileType = sourcecode.swift; path = ProductDetailsPresenter.swift; sourceTree = "<group>"; };
		1D2DC63F260DCF9000F1EDA8 /* Api.swift */ = {isa = PBXFileReference; lastKnownFileType = sourcecode.swift; path = Api.swift; sourceTree = "<group>"; };
		1D2DC647260DD91900F1EDA8 /* ItemDetailsSuccessResponse.swift */ = {isa = PBXFileReference; lastKnownFileType = sourcecode.swift; path = ItemDetailsSuccessResponse.swift; sourceTree = "<group>"; };
		1D2DC64C260DE22900F1EDA8 /* ItemDetailsPictureResponse.swift */ = {isa = PBXFileReference; lastKnownFileType = sourcecode.swift; path = ItemDetailsPictureResponse.swift; sourceTree = "<group>"; };
		1D2DC651260DE24100F1EDA8 /* ItemDetailsAttributeResponse.swift */ = {isa = PBXFileReference; lastKnownFileType = sourcecode.swift; path = ItemDetailsAttributeResponse.swift; sourceTree = "<group>"; };
		1D2F9AAB260CB0F200F62E0F /* LittleSearch.app */ = {isa = PBXFileReference; explicitFileType = wrapper.application; includeInIndex = 0; path = LittleSearch.app; sourceTree = BUILT_PRODUCTS_DIR; };
		1D2F9AAE260CB0F200F62E0F /* AppDelegate.swift */ = {isa = PBXFileReference; lastKnownFileType = sourcecode.swift; path = AppDelegate.swift; sourceTree = "<group>"; };
		1D2F9AB0260CB0F200F62E0F /* SceneDelegate.swift */ = {isa = PBXFileReference; lastKnownFileType = sourcecode.swift; path = SceneDelegate.swift; sourceTree = "<group>"; };
		1D2F9AB8260CB0F200F62E0F /* LittleSearch.xcdatamodel */ = {isa = PBXFileReference; lastKnownFileType = wrapper.xcdatamodel; path = LittleSearch.xcdatamodel; sourceTree = "<group>"; };
		1D2F9ABA260CB0F300F62E0F /* Assets.xcassets */ = {isa = PBXFileReference; lastKnownFileType = folder.assetcatalog; path = Assets.xcassets; sourceTree = "<group>"; };
		1D2F9ABD260CB0F300F62E0F /* Base */ = {isa = PBXFileReference; lastKnownFileType = file.storyboard; name = Base; path = Base.lproj/LaunchScreen.storyboard; sourceTree = "<group>"; };
		1D2F9ABF260CB0F300F62E0F /* Info.plist */ = {isa = PBXFileReference; lastKnownFileType = text.plist.xml; path = Info.plist; sourceTree = "<group>"; };
		1D2F9AC4260CB0F300F62E0F /* LittleSearchTests.xctest */ = {isa = PBXFileReference; explicitFileType = wrapper.cfbundle; includeInIndex = 0; path = LittleSearchTests.xctest; sourceTree = BUILT_PRODUCTS_DIR; };
		1D2F9AC8260CB0F300F62E0F /* LittleSearchTests.swift */ = {isa = PBXFileReference; lastKnownFileType = sourcecode.swift; path = LittleSearchTests.swift; sourceTree = "<group>"; };
		1D2F9ACA260CB0F300F62E0F /* Info.plist */ = {isa = PBXFileReference; lastKnownFileType = text.plist.xml; path = Info.plist; sourceTree = "<group>"; };
		1D2F9ACF260CB0F300F62E0F /* LittleSearchUITests.xctest */ = {isa = PBXFileReference; explicitFileType = wrapper.cfbundle; includeInIndex = 0; path = LittleSearchUITests.xctest; sourceTree = BUILT_PRODUCTS_DIR; };
		1D2F9AD3260CB0F300F62E0F /* LittleSearchUITests.swift */ = {isa = PBXFileReference; lastKnownFileType = sourcecode.swift; path = LittleSearchUITests.swift; sourceTree = "<group>"; };
		1D2F9AD5260CB0F300F62E0F /* Info.plist */ = {isa = PBXFileReference; lastKnownFileType = text.plist.xml; path = Info.plist; sourceTree = "<group>"; };
		1D5415F2260EB7DD00C6BBBA /* SearchResultViewCell.swift */ = {isa = PBXFileReference; lastKnownFileType = sourcecode.swift; path = SearchResultViewCell.swift; sourceTree = "<group>"; };
		1D5415F7260F519900C6BBBA /* ViewConfiguration.swift */ = {isa = PBXFileReference; lastKnownFileType = sourcecode.swift; path = ViewConfiguration.swift; sourceTree = "<group>"; };
		1D541605260F8C8300C6BBBA /* InstallmentsResponse.swift */ = {isa = PBXFileReference; lastKnownFileType = sourcecode.swift; path = InstallmentsResponse.swift; sourceTree = "<group>"; };
		1D6095772613709A00F9053C /* ViewHelpers.swift */ = {isa = PBXFileReference; lastKnownFileType = sourcecode.swift; path = ViewHelpers.swift; sourceTree = "<group>"; };
		1D6095852613862C00F9053C /* ErrorView.swift */ = {isa = PBXFileReference; lastKnownFileType = sourcecode.swift; path = ErrorView.swift; sourceTree = "<group>"; };
		1D60958D2613865500F9053C /* EmptyView.swift */ = {isa = PBXFileReference; lastKnownFileType = sourcecode.swift; path = EmptyView.swift; sourceTree = "<group>"; };
		1D6095922613AB0A00F9053C /* WelcomeView.swift */ = {isa = PBXFileReference; lastKnownFileType = sourcecode.swift; path = WelcomeView.swift; sourceTree = "<group>"; };
		1D6095972613B54600F9053C /* UIView+Extension.swift */ = {isa = PBXFileReference; lastKnownFileType = sourcecode.swift; path = "UIView+Extension.swift"; sourceTree = "<group>"; };
		1D63B966260E289000414B29 /* SearchResponse.swift */ = {isa = PBXFileReference; lastKnownFileType = sourcecode.swift; path = SearchResponse.swift; sourceTree = "<group>"; };
		1D63B973260E2B6000414B29 /* HomeEndpoint.swift */ = {isa = PBXFileReference; lastKnownFileType = sourcecode.swift; path = HomeEndpoint.swift; sourceTree = "<group>"; };
		1D7931172611C3140070DD68 /* LayoutDefaults.swift */ = {isa = PBXFileReference; lastKnownFileType = sourcecode.swift; path = LayoutDefaults.swift; sourceTree = "<group>"; };
		1D79311D2611C9870070DD68 /* Double+Extension.swift */ = {isa = PBXFileReference; lastKnownFileType = sourcecode.swift; path = "Double+Extension.swift"; sourceTree = "<group>"; };
		1D7931262611CA510070DD68 /* InstallmentsUtils.swift */ = {isa = PBXFileReference; lastKnownFileType = sourcecode.swift; path = InstallmentsUtils.swift; sourceTree = "<group>"; };
		1D7931342611CD200070DD68 /* en */ = {isa = PBXFileReference; lastKnownFileType = text.plist.strings; name = en; path = en.lproj/Localizable.strings; sourceTree = "<group>"; };
		1D79313F2611D3620070DD68 /* FormatUtils.swift */ = {isa = PBXFileReference; lastKnownFileType = sourcecode.swift; path = FormatUtils.swift; sourceTree = "<group>"; };
		1D94A8AE260CE404000117A1 /* HomeFactory.swift */ = {isa = PBXFileReference; lastKnownFileType = sourcecode.swift; path = HomeFactory.swift; sourceTree = "<group>"; };
		1D94A8AF260CE404000117A1 /* HomePresenter.swift */ = {isa = PBXFileReference; lastKnownFileType = sourcecode.swift; path = HomePresenter.swift; sourceTree = "<group>"; };
		1D94A8B0260CE404000117A1 /* HomeViewController.swift */ = {isa = PBXFileReference; lastKnownFileType = sourcecode.swift; path = HomeViewController.swift; sourceTree = "<group>"; };
		1D94A8B1260CE404000117A1 /* HomeInteractor.swift */ = {isa = PBXFileReference; lastKnownFileType = sourcecode.swift; path = HomeInteractor.swift; sourceTree = "<group>"; };
		1D94A90A260CFD32000117A1 /* HomeCoordinator.swift */ = {isa = PBXFileReference; lastKnownFileType = sourcecode.swift; path = HomeCoordinator.swift; sourceTree = "<group>"; };
		1D94A910260D00A8000117A1 /* ProductDetailsViewController.swift */ = {isa = PBXFileReference; lastKnownFileType = sourcecode.swift; path = ProductDetailsViewController.swift; sourceTree = "<group>"; };
		1D94A918260D00B7000117A1 /* ProductDetailsFactory.swift */ = {isa = PBXFileReference; lastKnownFileType = sourcecode.swift; path = ProductDetailsFactory.swift; sourceTree = "<group>"; };
		1D94A920260D4675000117A1 /* HomeCoordinatorTests.swift */ = {isa = PBXFileReference; lastKnownFileType = sourcecode.swift; path = HomeCoordinatorTests.swift; sourceTree = "<group>"; };
		1D94A929260D4D88000117A1 /* NavigationControllerSpy.swift */ = {isa = PBXFileReference; lastKnownFileType = sourcecode.swift; path = NavigationControllerSpy.swift; sourceTree = "<group>"; };
		1D94A931260D4DBD000117A1 /* ViewControllerSpy.swift */ = {isa = PBXFileReference; lastKnownFileType = sourcecode.swift; path = ViewControllerSpy.swift; sourceTree = "<group>"; };
		1D94A939260D4E7B000117A1 /* HomeInteractorTests.swift */ = {isa = PBXFileReference; lastKnownFileType = sourcecode.swift; path = HomeInteractorTests.swift; sourceTree = "<group>"; };
		1D94A93E260D525A000117A1 /* HomePresenterTests.swift */ = {isa = PBXFileReference; lastKnownFileType = sourcecode.swift; path = HomePresenterTests.swift; sourceTree = "<group>"; };
		1DA87CDE260E08EE00B8335A /* ProductDetailsEndpoint.swift */ = {isa = PBXFileReference; lastKnownFileType = sourcecode.swift; path = ProductDetailsEndpoint.swift; sourceTree = "<group>"; };
		1DA87CE3260E092500B8335A /* ItemDetailsResponse.swift */ = {isa = PBXFileReference; lastKnownFileType = sourcecode.swift; path = ItemDetailsResponse.swift; sourceTree = "<group>"; };
		35A488F11404F1021FA730E0 /* Pods-LittleSearch.release.xcconfig */ = {isa = PBXFileReference; includeInIndex = 1; lastKnownFileType = text.xcconfig; name = "Pods-LittleSearch.release.xcconfig"; path = "Target Support Files/Pods-LittleSearch/Pods-LittleSearch.release.xcconfig"; sourceTree = "<group>"; };
		4A767F791CBF9D9291B28B41 /* Pods-LittleSearchTests.debug.xcconfig */ = {isa = PBXFileReference; includeInIndex = 1; lastKnownFileType = text.xcconfig; name = "Pods-LittleSearchTests.debug.xcconfig"; path = "Target Support Files/Pods-LittleSearchTests/Pods-LittleSearchTests.debug.xcconfig"; sourceTree = "<group>"; };
		6C22D6AE522E44FD738AFA9E /* Pods-LittleSearch.debug.xcconfig */ = {isa = PBXFileReference; includeInIndex = 1; lastKnownFileType = text.xcconfig; name = "Pods-LittleSearch.debug.xcconfig"; path = "Target Support Files/Pods-LittleSearch/Pods-LittleSearch.debug.xcconfig"; sourceTree = "<group>"; };
		84DC71C9C03B5FE5D3269215 /* Pods-LittleSearchTests.release.xcconfig */ = {isa = PBXFileReference; includeInIndex = 1; lastKnownFileType = text.xcconfig; name = "Pods-LittleSearchTests.release.xcconfig"; path = "Target Support Files/Pods-LittleSearchTests/Pods-LittleSearchTests.release.xcconfig"; sourceTree = "<group>"; };
		A6E1E002E8A3477430752DB3 /* Pods_LittleSearchTests.framework */ = {isa = PBXFileReference; explicitFileType = wrapper.framework; includeInIndex = 0; path = Pods_LittleSearchTests.framework; sourceTree = BUILT_PRODUCTS_DIR; };
		C159B6F250FFDD0205C86B4B /* Pods-LittleSearch-LittleSearchUITests.debug.xcconfig */ = {isa = PBXFileReference; includeInIndex = 1; lastKnownFileType = text.xcconfig; name = "Pods-LittleSearch-LittleSearchUITests.debug.xcconfig"; path = "Target Support Files/Pods-LittleSearch-LittleSearchUITests/Pods-LittleSearch-LittleSearchUITests.debug.xcconfig"; sourceTree = "<group>"; };
		D48D3D2C50BA585976A9F084 /* Pods_LittleSearch_LittleSearchUITests.framework */ = {isa = PBXFileReference; explicitFileType = wrapper.framework; includeInIndex = 0; path = Pods_LittleSearch_LittleSearchUITests.framework; sourceTree = BUILT_PRODUCTS_DIR; };
		F08FDFB42022B9D8612950F9 /* Pods-LittleSearch-LittleSearchUITests.release.xcconfig */ = {isa = PBXFileReference; includeInIndex = 1; lastKnownFileType = text.xcconfig; name = "Pods-LittleSearch-LittleSearchUITests.release.xcconfig"; path = "Target Support Files/Pods-LittleSearch-LittleSearchUITests/Pods-LittleSearch-LittleSearchUITests.release.xcconfig"; sourceTree = "<group>"; };
/* End PBXFileReference section */

/* Begin PBXFrameworksBuildPhase section */
		1D2F9AA8260CB0F200F62E0F /* Frameworks */ = {
			isa = PBXFrameworksBuildPhase;
			buildActionMask = 2147483647;
			files = (
				D2C2990B136626F7280A93A0 /* Pods_LittleSearch.framework in Frameworks */,
			);
			runOnlyForDeploymentPostprocessing = 0;
		};
		1D2F9AC1260CB0F300F62E0F /* Frameworks */ = {
			isa = PBXFrameworksBuildPhase;
			buildActionMask = 2147483647;
			files = (
				526550BA1127DB00706F82E6 /* Pods_LittleSearchTests.framework in Frameworks */,
			);
			runOnlyForDeploymentPostprocessing = 0;
		};
		1D2F9ACC260CB0F300F62E0F /* Frameworks */ = {
			isa = PBXFrameworksBuildPhase;
			buildActionMask = 2147483647;
			files = (
				41782603240A2EC2CA5560CC /* Pods_LittleSearch_LittleSearchUITests.framework in Frameworks */,
			);
			runOnlyForDeploymentPostprocessing = 0;
		};
/* End PBXFrameworksBuildPhase section */

/* Begin PBXGroup section */
		0CD897F04E04B8C69FCFA72B /* Pods */ = {
			isa = PBXGroup;
			children = (
				6C22D6AE522E44FD738AFA9E /* Pods-LittleSearch.debug.xcconfig */,
				35A488F11404F1021FA730E0 /* Pods-LittleSearch.release.xcconfig */,
				C159B6F250FFDD0205C86B4B /* Pods-LittleSearch-LittleSearchUITests.debug.xcconfig */,
				F08FDFB42022B9D8612950F9 /* Pods-LittleSearch-LittleSearchUITests.release.xcconfig */,
				4A767F791CBF9D9291B28B41 /* Pods-LittleSearchTests.debug.xcconfig */,
				84DC71C9C03B5FE5D3269215 /* Pods-LittleSearchTests.release.xcconfig */,
			);
			path = Pods;
			sourceTree = "<group>";
		};
		1D03FB2D2611AD8600D839FA /* Views */ = {
			isa = PBXGroup;
			children = (
				1D5415F2260EB7DD00C6BBBA /* SearchResultViewCell.swift */,
				1D0456032610054E000956DE /* SearchResultViewHeader.swift */,
				1D6095922613AB0A00F9053C /* WelcomeView.swift */,
			);
			path = Views;
			sourceTree = "<group>";
		};
		1D03FB2E2611ADA100D839FA /* Endpoints */ = {
			isa = PBXGroup;
			children = (
				1D04568C2610A0F2000956DE /* EndpointProtocol.swift */,
				1D63B973260E2B6000414B29 /* HomeEndpoint.swift */,
				1DA87CDE260E08EE00B8335A /* ProductDetailsEndpoint.swift */,
			);
			path = Endpoints;
			sourceTree = "<group>";
		};
		1D03FB2F2611ADC700D839FA /* Views */ = {
			isa = PBXGroup;
			children = (
				1D0456942610CBD1000956DE /* PictureCollectionCell.swift */,
			);
			path = Views;
			sourceTree = "<group>";
		};
		1D03FB302611AE0F00D839FA /* Api */ = {
			isa = PBXGroup;
			children = (
				1D2DC63F260DCF9000F1EDA8 /* Api.swift */,
				1D04567F26109FD3000956DE /* ApiSearch.swift */,
				1D04568426109FF0000956DE /* DataHandler.swift */,
			);
			path = Api;
			sourceTree = "<group>";
		};
		1D03FB312611AE2300D839FA /* Models */ = {
			isa = PBXGroup;
			children = (
				1D541605260F8C8300C6BBBA /* InstallmentsResponse.swift */,
			);
			path = Models;
			sourceTree = "<group>";
		};
		1D2DC63E260DCF8300F1EDA8 /* Common */ = {
			isa = PBXGroup;
			children = (
				1D6095842613862100F9053C /* Views */,
				1D7931252611CA340070DD68 /* Helpers */,
				1D79311C2611C94F0070DD68 /* Extensions */,
				1D03FB312611AE2300D839FA /* Models */,
				1D03FB302611AE0F00D839FA /* Api */,
				1D03FB2E2611ADA100D839FA /* Endpoints */,
				1D5415F7260F519900C6BBBA /* ViewConfiguration.swift */,
				1D7931352611CD200070DD68 /* Localizable.strings */,
				1D03FB432611B97000D839FA /* Strings.swift */,
				1D7931172611C3140070DD68 /* LayoutDefaults.swift */,
			);
			path = Common;
			sourceTree = "<group>";
		};
		1D2DC656260DE25D00F1EDA8 /* Models */ = {
			isa = PBXGroup;
			children = (
				1D2DC64C260DE22900F1EDA8 /* ItemDetailsPictureResponse.swift */,
				1D2DC651260DE24100F1EDA8 /* ItemDetailsAttributeResponse.swift */,
				1D2DC647260DD91900F1EDA8 /* ItemDetailsSuccessResponse.swift */,
				1DA87CE3260E092500B8335A /* ItemDetailsResponse.swift */,
				1D0456532610206B000956DE /* ItemDetailsErrorResponse.swift */,
			);
			path = Models;
			sourceTree = "<group>";
		};
		1D2F9AA2260CB0F200F62E0F = {
			isa = PBXGroup;
			children = (
				1D2F9AAD260CB0F200F62E0F /* LittleSearch */,
				1D2F9AC7260CB0F300F62E0F /* LittleSearchTests */,
				1D2F9AD2260CB0F300F62E0F /* LittleSearchUITests */,
				1D2F9AAC260CB0F200F62E0F /* Products */,
				0CD897F04E04B8C69FCFA72B /* Pods */,
				5AC3A1B882C6AB77DD69796A /* Frameworks */,
			);
			sourceTree = "<group>";
		};
		1D2F9AAC260CB0F200F62E0F /* Products */ = {
			isa = PBXGroup;
			children = (
				1D2F9AAB260CB0F200F62E0F /* LittleSearch.app */,
				1D2F9AC4260CB0F300F62E0F /* LittleSearchTests.xctest */,
				1D2F9ACF260CB0F300F62E0F /* LittleSearchUITests.xctest */,
			);
			name = Products;
			sourceTree = "<group>";
		};
		1D2F9AAD260CB0F200F62E0F /* LittleSearch */ = {
			isa = PBXGroup;
			children = (
				1D2DC63E260DCF8300F1EDA8 /* Common */,
				1D94A8AC260CE3C7000117A1 /* AppConfiguration */,
				1D94A8AB260CE3B7000117A1 /* Scenes */,
				1D2F9ABF260CB0F300F62E0F /* Info.plist */,
				1D2F9ABA260CB0F300F62E0F /* Assets.xcassets */,
				1D2F9AB7260CB0F200F62E0F /* LittleSearch.xcdatamodeld */,
			);
			path = LittleSearch;
			sourceTree = "<group>";
		};
		1D2F9AC7260CB0F300F62E0F /* LittleSearchTests */ = {
			isa = PBXGroup;
			children = (
				1D94A928260D4D72000117A1 /* Spies */,
				1D94A91D260D461B000117A1 /* Scenes */,
				1D2F9AC8260CB0F300F62E0F /* LittleSearchTests.swift */,
				1D2F9ACA260CB0F300F62E0F /* Info.plist */,
			);
			path = LittleSearchTests;
			sourceTree = "<group>";
		};
		1D2F9AD2260CB0F300F62E0F /* LittleSearchUITests */ = {
			isa = PBXGroup;
			children = (
				1D2F9AD3260CB0F300F62E0F /* LittleSearchUITests.swift */,
				1D2F9AD5260CB0F300F62E0F /* Info.plist */,
			);
			path = LittleSearchUITests;
			sourceTree = "<group>";
		};
		1D6095842613862100F9053C /* Views */ = {
			isa = PBXGroup;
			children = (
				1D6095852613862C00F9053C /* ErrorView.swift */,
				1D60958D2613865500F9053C /* EmptyView.swift */,
			);
			path = Views;
			sourceTree = "<group>";
		};
		1D63B965260E287F00414B29 /* Models */ = {
			isa = PBXGroup;
			children = (
				1D63B966260E289000414B29 /* SearchResponse.swift */,
				1D045645261015F7000956DE /* SearchItemResponse.swift */,
			);
			path = Models;
			sourceTree = "<group>";
		};
		1D79311C2611C94F0070DD68 /* Extensions */ = {
			isa = PBXGroup;
			children = (
				1D79311D2611C9870070DD68 /* Double+Extension.swift */,
				1D6095972613B54600F9053C /* UIView+Extension.swift */,
			);
			path = Extensions;
			sourceTree = "<group>";
		};
		1D7931252611CA340070DD68 /* Helpers */ = {
			isa = PBXGroup;
			children = (
				1D7931262611CA510070DD68 /* InstallmentsUtils.swift */,
				1D79313F2611D3620070DD68 /* FormatUtils.swift */,
				1D6095772613709A00F9053C /* ViewHelpers.swift */,
			);
			path = Helpers;
			sourceTree = "<group>";
		};
		1D94A8AB260CE3B7000117A1 /* Scenes */ = {
			isa = PBXGroup;
			children = (
				1D94A90F260D0083000117A1 /* ProductDetails */,
				1D94A8BF260CE409000117A1 /* Home */,
			);
			path = Scenes;
			sourceTree = "<group>";
		};
		1D94A8AC260CE3C7000117A1 /* AppConfiguration */ = {
			isa = PBXGroup;
			children = (
				1D2F9ABC260CB0F300F62E0F /* LaunchScreen.storyboard */,
				1D2F9AAE260CB0F200F62E0F /* AppDelegate.swift */,
				1D2F9AB0260CB0F200F62E0F /* SceneDelegate.swift */,
			);
			path = AppConfiguration;
			sourceTree = "<group>";
		};
		1D94A8BF260CE409000117A1 /* Home */ = {
			isa = PBXGroup;
			children = (
				1D03FB2D2611AD8600D839FA /* Views */,
				1D63B965260E287F00414B29 /* Models */,
				1D94A8AE260CE404000117A1 /* HomeFactory.swift */,
				1D94A8AF260CE404000117A1 /* HomePresenter.swift */,
				1D94A8B0260CE404000117A1 /* HomeViewController.swift */,
				1D94A8B1260CE404000117A1 /* HomeInteractor.swift */,
				1D94A90A260CFD32000117A1 /* HomeCoordinator.swift */,
			);
			path = Home;
			sourceTree = "<group>";
		};
		1D94A90F260D0083000117A1 /* ProductDetails */ = {
			isa = PBXGroup;
			children = (
				1D03FB2F2611ADC700D839FA /* Views */,
				1D2DC656260DE25D00F1EDA8 /* Models */,
				1D94A910260D00A8000117A1 /* ProductDetailsViewController.swift */,
				1D94A918260D00B7000117A1 /* ProductDetailsFactory.swift */,
				1D2DC5F8260DCC5000F1EDA8 /* ProductDetailsInteractor.swift */,
				1D2DC5FD260DCC7E00F1EDA8 /* ProductDetailsPresenter.swift */,
			);
			path = ProductDetails;
			sourceTree = "<group>";
		};
		1D94A91D260D461B000117A1 /* Scenes */ = {
			isa = PBXGroup;
			children = (
				1D94A91F260D4638000117A1 /* Home */,
				1D94A91E260D4629000117A1 /* ProductDetails */,
			);
			path = Scenes;
			sourceTree = "<group>";
		};
		1D94A91E260D4629000117A1 /* ProductDetails */ = {
			isa = PBXGroup;
			children = (
			);
			path = ProductDetails;
			sourceTree = "<group>";
		};
		1D94A91F260D4638000117A1 /* Home */ = {
			isa = PBXGroup;
			children = (
				1D94A920260D4675000117A1 /* HomeCoordinatorTests.swift */,
				1D94A939260D4E7B000117A1 /* HomeInteractorTests.swift */,
				1D94A93E260D525A000117A1 /* HomePresenterTests.swift */,
			);
			path = Home;
			sourceTree = "<group>";
		};
		1D94A928260D4D72000117A1 /* Spies */ = {
			isa = PBXGroup;
			children = (
				1D94A929260D4D88000117A1 /* NavigationControllerSpy.swift */,
				1D94A931260D4DBD000117A1 /* ViewControllerSpy.swift */,
			);
			path = Spies;
			sourceTree = "<group>";
		};
		5AC3A1B882C6AB77DD69796A /* Frameworks */ = {
			isa = PBXGroup;
			children = (
				004032ECBDCD9D793914E04F /* Pods_LittleSearch.framework */,
				D48D3D2C50BA585976A9F084 /* Pods_LittleSearch_LittleSearchUITests.framework */,
				A6E1E002E8A3477430752DB3 /* Pods_LittleSearchTests.framework */,
			);
			name = Frameworks;
			sourceTree = "<group>";
		};
/* End PBXGroup section */

/* Begin PBXNativeTarget section */
		1D2F9AAA260CB0F200F62E0F /* LittleSearch */ = {
			isa = PBXNativeTarget;
			buildConfigurationList = 1D2F9AD8260CB0F300F62E0F /* Build configuration list for PBXNativeTarget "LittleSearch" */;
			buildPhases = (
				CBEEFF2D4D4AEA0CF175B678 /* [CP] Check Pods Manifest.lock */,
				1D2F9AA7260CB0F200F62E0F /* Sources */,
				1D2F9AA8260CB0F200F62E0F /* Frameworks */,
				1D2F9AA9260CB0F200F62E0F /* Resources */,
				CD69E6AE87F30A00F286A81B /* [CP] Embed Pods Frameworks */,
			);
			buildRules = (
			);
			dependencies = (
			);
			name = LittleSearch;
			productName = LittleSearch;
			productReference = 1D2F9AAB260CB0F200F62E0F /* LittleSearch.app */;
			productType = "com.apple.product-type.application";
		};
		1D2F9AC3260CB0F300F62E0F /* LittleSearchTests */ = {
			isa = PBXNativeTarget;
			buildConfigurationList = 1D2F9ADB260CB0F300F62E0F /* Build configuration list for PBXNativeTarget "LittleSearchTests" */;
			buildPhases = (
				93CBCBC19B110B487BE8F061 /* [CP] Check Pods Manifest.lock */,
				1D2F9AC0260CB0F300F62E0F /* Sources */,
				1D2F9AC1260CB0F300F62E0F /* Frameworks */,
				1D2F9AC2260CB0F300F62E0F /* Resources */,
			);
			buildRules = (
			);
			dependencies = (
				1D2F9AC6260CB0F300F62E0F /* PBXTargetDependency */,
			);
			name = LittleSearchTests;
			productName = LittleSearchTests;
			productReference = 1D2F9AC4260CB0F300F62E0F /* LittleSearchTests.xctest */;
			productType = "com.apple.product-type.bundle.unit-test";
		};
		1D2F9ACE260CB0F300F62E0F /* LittleSearchUITests */ = {
			isa = PBXNativeTarget;
			buildConfigurationList = 1D2F9ADE260CB0F300F62E0F /* Build configuration list for PBXNativeTarget "LittleSearchUITests" */;
			buildPhases = (
				EEDD0BCA4C9BD44EBE1CA4A3 /* [CP] Check Pods Manifest.lock */,
				1D2F9ACB260CB0F300F62E0F /* Sources */,
				1D2F9ACC260CB0F300F62E0F /* Frameworks */,
				1D2F9ACD260CB0F300F62E0F /* Resources */,
				FEA79963B6DD8B3DAF8DE55B /* [CP] Embed Pods Frameworks */,
			);
			buildRules = (
			);
			dependencies = (
				1D2F9AD1260CB0F300F62E0F /* PBXTargetDependency */,
			);
			name = LittleSearchUITests;
			productName = LittleSearchUITests;
			productReference = 1D2F9ACF260CB0F300F62E0F /* LittleSearchUITests.xctest */;
			productType = "com.apple.product-type.bundle.ui-testing";
		};
/* End PBXNativeTarget section */

/* Begin PBXProject section */
		1D2F9AA3260CB0F200F62E0F /* Project object */ = {
			isa = PBXProject;
			attributes = {
				LastSwiftUpdateCheck = 1240;
				LastUpgradeCheck = 1240;
				TargetAttributes = {
					1D2F9AAA260CB0F200F62E0F = {
						CreatedOnToolsVersion = 12.4;
					};
					1D2F9AC3260CB0F300F62E0F = {
						CreatedOnToolsVersion = 12.4;
						TestTargetID = 1D2F9AAA260CB0F200F62E0F;
					};
					1D2F9ACE260CB0F300F62E0F = {
						CreatedOnToolsVersion = 12.4;
						TestTargetID = 1D2F9AAA260CB0F200F62E0F;
					};
				};
			};
			buildConfigurationList = 1D2F9AA6260CB0F200F62E0F /* Build configuration list for PBXProject "LittleSearch" */;
			compatibilityVersion = "Xcode 9.3";
			developmentRegion = en;
			hasScannedForEncodings = 0;
			knownRegions = (
				en,
				Base,
			);
			mainGroup = 1D2F9AA2260CB0F200F62E0F;
			productRefGroup = 1D2F9AAC260CB0F200F62E0F /* Products */;
			projectDirPath = "";
			projectRoot = "";
			targets = (
				1D2F9AAA260CB0F200F62E0F /* LittleSearch */,
				1D2F9AC3260CB0F300F62E0F /* LittleSearchTests */,
				1D2F9ACE260CB0F300F62E0F /* LittleSearchUITests */,
			);
		};
/* End PBXProject section */

/* Begin PBXResourcesBuildPhase section */
		1D2F9AA9260CB0F200F62E0F /* Resources */ = {
			isa = PBXResourcesBuildPhase;
			buildActionMask = 2147483647;
			files = (
				1D2F9ABE260CB0F300F62E0F /* LaunchScreen.storyboard in Resources */,
				1D2F9ABB260CB0F300F62E0F /* Assets.xcassets in Resources */,
				1D7931332611CD200070DD68 /* Localizable.strings in Resources */,
			);
			runOnlyForDeploymentPostprocessing = 0;
		};
		1D2F9AC2260CB0F300F62E0F /* Resources */ = {
			isa = PBXResourcesBuildPhase;
			buildActionMask = 2147483647;
			files = (
			);
			runOnlyForDeploymentPostprocessing = 0;
		};
		1D2F9ACD260CB0F300F62E0F /* Resources */ = {
			isa = PBXResourcesBuildPhase;
			buildActionMask = 2147483647;
			files = (
			);
			runOnlyForDeploymentPostprocessing = 0;
		};
/* End PBXResourcesBuildPhase section */

/* Begin PBXShellScriptBuildPhase section */
		93CBCBC19B110B487BE8F061 /* [CP] Check Pods Manifest.lock */ = {
			isa = PBXShellScriptBuildPhase;
			buildActionMask = 2147483647;
			files = (
			);
			inputFileListPaths = (
			);
			inputPaths = (
				"${PODS_PODFILE_DIR_PATH}/Podfile.lock",
				"${PODS_ROOT}/Manifest.lock",
			);
			name = "[CP] Check Pods Manifest.lock";
			outputFileListPaths = (
			);
			outputPaths = (
				"$(DERIVED_FILE_DIR)/Pods-LittleSearchTests-checkManifestLockResult.txt",
			);
			runOnlyForDeploymentPostprocessing = 0;
			shellPath = /bin/sh;
			shellScript = "diff \"${PODS_PODFILE_DIR_PATH}/Podfile.lock\" \"${PODS_ROOT}/Manifest.lock\" > /dev/null\nif [ $? != 0 ] ; then\n    # print error to STDERR\n    echo \"error: The sandbox is not in sync with the Podfile.lock. Run 'pod install' or update your CocoaPods installation.\" >&2\n    exit 1\nfi\n# This output is used by Xcode 'outputs' to avoid re-running this script phase.\necho \"SUCCESS\" > \"${SCRIPT_OUTPUT_FILE_0}\"\n";
			showEnvVarsInLog = 0;
		};
		CBEEFF2D4D4AEA0CF175B678 /* [CP] Check Pods Manifest.lock */ = {
			isa = PBXShellScriptBuildPhase;
			buildActionMask = 2147483647;
			files = (
			);
			inputFileListPaths = (
			);
			inputPaths = (
				"${PODS_PODFILE_DIR_PATH}/Podfile.lock",
				"${PODS_ROOT}/Manifest.lock",
			);
			name = "[CP] Check Pods Manifest.lock";
			outputFileListPaths = (
			);
			outputPaths = (
				"$(DERIVED_FILE_DIR)/Pods-LittleSearch-checkManifestLockResult.txt",
			);
			runOnlyForDeploymentPostprocessing = 0;
			shellPath = /bin/sh;
			shellScript = "diff \"${PODS_PODFILE_DIR_PATH}/Podfile.lock\" \"${PODS_ROOT}/Manifest.lock\" > /dev/null\nif [ $? != 0 ] ; then\n    # print error to STDERR\n    echo \"error: The sandbox is not in sync with the Podfile.lock. Run 'pod install' or update your CocoaPods installation.\" >&2\n    exit 1\nfi\n# This output is used by Xcode 'outputs' to avoid re-running this script phase.\necho \"SUCCESS\" > \"${SCRIPT_OUTPUT_FILE_0}\"\n";
			showEnvVarsInLog = 0;
		};
		CD69E6AE87F30A00F286A81B /* [CP] Embed Pods Frameworks */ = {
			isa = PBXShellScriptBuildPhase;
			buildActionMask = 2147483647;
			files = (
			);
			inputFileListPaths = (
				"${PODS_ROOT}/Target Support Files/Pods-LittleSearch/Pods-LittleSearch-frameworks-${CONFIGURATION}-input-files.xcfilelist",
			);
			name = "[CP] Embed Pods Frameworks";
			outputFileListPaths = (
				"${PODS_ROOT}/Target Support Files/Pods-LittleSearch/Pods-LittleSearch-frameworks-${CONFIGURATION}-output-files.xcfilelist",
			);
			runOnlyForDeploymentPostprocessing = 0;
			shellPath = /bin/sh;
			shellScript = "\"${PODS_ROOT}/Target Support Files/Pods-LittleSearch/Pods-LittleSearch-frameworks.sh\"\n";
			showEnvVarsInLog = 0;
		};
		EEDD0BCA4C9BD44EBE1CA4A3 /* [CP] Check Pods Manifest.lock */ = {
			isa = PBXShellScriptBuildPhase;
			buildActionMask = 2147483647;
			files = (
			);
			inputFileListPaths = (
			);
			inputPaths = (
				"${PODS_PODFILE_DIR_PATH}/Podfile.lock",
				"${PODS_ROOT}/Manifest.lock",
			);
			name = "[CP] Check Pods Manifest.lock";
			outputFileListPaths = (
			);
			outputPaths = (
				"$(DERIVED_FILE_DIR)/Pods-LittleSearch-LittleSearchUITests-checkManifestLockResult.txt",
			);
			runOnlyForDeploymentPostprocessing = 0;
			shellPath = /bin/sh;
			shellScript = "diff \"${PODS_PODFILE_DIR_PATH}/Podfile.lock\" \"${PODS_ROOT}/Manifest.lock\" > /dev/null\nif [ $? != 0 ] ; then\n    # print error to STDERR\n    echo \"error: The sandbox is not in sync with the Podfile.lock. Run 'pod install' or update your CocoaPods installation.\" >&2\n    exit 1\nfi\n# This output is used by Xcode 'outputs' to avoid re-running this script phase.\necho \"SUCCESS\" > \"${SCRIPT_OUTPUT_FILE_0}\"\n";
			showEnvVarsInLog = 0;
		};
		FEA79963B6DD8B3DAF8DE55B /* [CP] Embed Pods Frameworks */ = {
			isa = PBXShellScriptBuildPhase;
			buildActionMask = 2147483647;
			files = (
			);
			inputFileListPaths = (
				"${PODS_ROOT}/Target Support Files/Pods-LittleSearch-LittleSearchUITests/Pods-LittleSearch-LittleSearchUITests-frameworks-${CONFIGURATION}-input-files.xcfilelist",
			);
			name = "[CP] Embed Pods Frameworks";
			outputFileListPaths = (
				"${PODS_ROOT}/Target Support Files/Pods-LittleSearch-LittleSearchUITests/Pods-LittleSearch-LittleSearchUITests-frameworks-${CONFIGURATION}-output-files.xcfilelist",
			);
			runOnlyForDeploymentPostprocessing = 0;
			shellPath = /bin/sh;
			shellScript = "\"${PODS_ROOT}/Target Support Files/Pods-LittleSearch-LittleSearchUITests/Pods-LittleSearch-LittleSearchUITests-frameworks.sh\"\n";
			showEnvVarsInLog = 0;
		};
/* End PBXShellScriptBuildPhase section */

/* Begin PBXSourcesBuildPhase section */
		1D2F9AA7260CB0F200F62E0F /* Sources */ = {
			isa = PBXSourcesBuildPhase;
			buildActionMask = 2147483647;
			files = (
				1D04568026109FD3000956DE /* ApiSearch.swift in Sources */,
				1D94A8B5260CE404000117A1 /* HomePresenter.swift in Sources */,
				1D6095862613862C00F9053C /* ErrorView.swift in Sources */,
				1D0456042610054E000956DE /* SearchResultViewHeader.swift in Sources */,
				1D04568526109FF0000956DE /* DataHandler.swift in Sources */,
				1D0456542610206B000956DE /* ItemDetailsErrorResponse.swift in Sources */,
				1D79311E2611C9870070DD68 /* Double+Extension.swift in Sources */,
				1D6095932613AB0A00F9053C /* WelcomeView.swift in Sources */,
				1D7931182611C3150070DD68 /* LayoutDefaults.swift in Sources */,
				1D2F9AB9260CB0F200F62E0F /* LittleSearch.xcdatamodeld in Sources */,
				1D94A8B6260CE404000117A1 /* HomeViewController.swift in Sources */,
				1D2F9AAF260CB0F200F62E0F /* AppDelegate.swift in Sources */,
				1D94A8B7260CE404000117A1 /* HomeInteractor.swift in Sources */,
				1D94A90B260CFD32000117A1 /* HomeCoordinator.swift in Sources */,
				1D2DC648260DD91900F1EDA8 /* ItemDetailsSuccessResponse.swift in Sources */,
				1D7931272611CA510070DD68 /* InstallmentsUtils.swift in Sources */,
				1D03FB442611B97000D839FA /* Strings.swift in Sources */,
				1D04568D2610A0F2000956DE /* EndpointProtocol.swift in Sources */,
				1D6095982613B54600F9053C /* UIView+Extension.swift in Sources */,
				1D94A911260D00A8000117A1 /* ProductDetailsViewController.swift in Sources */,
				1DA87CDF260E08EE00B8335A /* ProductDetailsEndpoint.swift in Sources */,
				1D045646261015F7000956DE /* SearchItemResponse.swift in Sources */,
				1D541606260F8C8300C6BBBA /* InstallmentsResponse.swift in Sources */,
				1D7931402611D3620070DD68 /* FormatUtils.swift in Sources */,
				1D2DC5FE260DCC7E00F1EDA8 /* ProductDetailsPresenter.swift in Sources */,
				1D2F9AB1260CB0F200F62E0F /* SceneDelegate.swift in Sources */,
				1D60958E2613865500F9053C /* EmptyView.swift in Sources */,
				1D0456952610CBD1000956DE /* PictureCollectionCell.swift in Sources */,
				1D5415F3260EB7DD00C6BBBA /* SearchResultViewCell.swift in Sources */,
				1D2DC5F9260DCC5000F1EDA8 /* ProductDetailsInteractor.swift in Sources */,
				1D2DC64D260DE22900F1EDA8 /* ItemDetailsPictureResponse.swift in Sources */,
				1D94A8B4260CE404000117A1 /* HomeFactory.swift in Sources */,
				1D2DC640260DCF9000F1EDA8 /* Api.swift in Sources */,
				1D63B967260E289000414B29 /* SearchResponse.swift in Sources */,
				1D6095782613709A00F9053C /* ViewHelpers.swift in Sources */,
				1D94A919260D00B7000117A1 /* ProductDetailsFactory.swift in Sources */,
				1D63B974260E2B6000414B29 /* HomeEndpoint.swift in Sources */,
				1D5415F8260F519900C6BBBA /* ViewConfiguration.swift in Sources */,
				1DA87CE4260E092600B8335A /* ItemDetailsResponse.swift in Sources */,
				1D2DC652260DE24100F1EDA8 /* ItemDetailsAttributeResponse.swift in Sources */,
			);
			runOnlyForDeploymentPostprocessing = 0;
		};
		1D2F9AC0260CB0F300F62E0F /* Sources */ = {
			isa = PBXSourcesBuildPhase;
			buildActionMask = 2147483647;
			files = (
				1D94A92A260D4D88000117A1 /* NavigationControllerSpy.swift in Sources */,
				1D94A93A260D4E7B000117A1 /* HomeInteractorTests.swift in Sources */,
				1D94A932260D4DBD000117A1 /* ViewControllerSpy.swift in Sources */,
				1D2F9AC9260CB0F300F62E0F /* LittleSearchTests.swift in Sources */,
				1D94A921260D4675000117A1 /* HomeCoordinatorTests.swift in Sources */,
				1D94A93F260D525A000117A1 /* HomePresenterTests.swift in Sources */,
			);
			runOnlyForDeploymentPostprocessing = 0;
		};
		1D2F9ACB260CB0F300F62E0F /* Sources */ = {
			isa = PBXSourcesBuildPhase;
			buildActionMask = 2147483647;
			files = (
				1D2F9AD4260CB0F300F62E0F /* LittleSearchUITests.swift in Sources */,
			);
			runOnlyForDeploymentPostprocessing = 0;
		};
/* End PBXSourcesBuildPhase section */

/* Begin PBXTargetDependency section */
		1D2F9AC6260CB0F300F62E0F /* PBXTargetDependency */ = {
			isa = PBXTargetDependency;
			target = 1D2F9AAA260CB0F200F62E0F /* LittleSearch */;
			targetProxy = 1D2F9AC5260CB0F300F62E0F /* PBXContainerItemProxy */;
		};
		1D2F9AD1260CB0F300F62E0F /* PBXTargetDependency */ = {
			isa = PBXTargetDependency;
			target = 1D2F9AAA260CB0F200F62E0F /* LittleSearch */;
			targetProxy = 1D2F9AD0260CB0F300F62E0F /* PBXContainerItemProxy */;
		};
/* End PBXTargetDependency section */

/* Begin PBXVariantGroup section */
		1D2F9ABC260CB0F300F62E0F /* LaunchScreen.storyboard */ = {
			isa = PBXVariantGroup;
			children = (
				1D2F9ABD260CB0F300F62E0F /* Base */,
			);
			name = LaunchScreen.storyboard;
			sourceTree = "<group>";
		};
		1D7931352611CD200070DD68 /* Localizable.strings */ = {
			isa = PBXVariantGroup;
			children = (
				1D7931342611CD200070DD68 /* en */,
			);
			name = Localizable.strings;
			sourceTree = "<group>";
		};
/* End PBXVariantGroup section */

/* Begin XCBuildConfiguration section */
		1D2F9AD6260CB0F300F62E0F /* Debug */ = {
			isa = XCBuildConfiguration;
			buildSettings = {
				ALWAYS_SEARCH_USER_PATHS = NO;
				CLANG_ANALYZER_NONNULL = YES;
				CLANG_ANALYZER_NUMBER_OBJECT_CONVERSION = YES_AGGRESSIVE;
				CLANG_CXX_LANGUAGE_STANDARD = "gnu++14";
				CLANG_CXX_LIBRARY = "libc++";
				CLANG_ENABLE_MODULES = YES;
				CLANG_ENABLE_OBJC_ARC = YES;
				CLANG_ENABLE_OBJC_WEAK = YES;
				CLANG_WARN_BLOCK_CAPTURE_AUTORELEASING = YES;
				CLANG_WARN_BOOL_CONVERSION = YES;
				CLANG_WARN_COMMA = YES;
				CLANG_WARN_CONSTANT_CONVERSION = YES;
				CLANG_WARN_DEPRECATED_OBJC_IMPLEMENTATIONS = YES;
				CLANG_WARN_DIRECT_OBJC_ISA_USAGE = YES_ERROR;
				CLANG_WARN_DOCUMENTATION_COMMENTS = YES;
				CLANG_WARN_EMPTY_BODY = YES;
				CLANG_WARN_ENUM_CONVERSION = YES;
				CLANG_WARN_INFINITE_RECURSION = YES;
				CLANG_WARN_INT_CONVERSION = YES;
				CLANG_WARN_NON_LITERAL_NULL_CONVERSION = YES;
				CLANG_WARN_OBJC_IMPLICIT_RETAIN_SELF = YES;
				CLANG_WARN_OBJC_LITERAL_CONVERSION = YES;
				CLANG_WARN_OBJC_ROOT_CLASS = YES_ERROR;
				CLANG_WARN_QUOTED_INCLUDE_IN_FRAMEWORK_HEADER = YES;
				CLANG_WARN_RANGE_LOOP_ANALYSIS = YES;
				CLANG_WARN_STRICT_PROTOTYPES = YES;
				CLANG_WARN_SUSPICIOUS_MOVE = YES;
				CLANG_WARN_UNGUARDED_AVAILABILITY = YES_AGGRESSIVE;
				CLANG_WARN_UNREACHABLE_CODE = YES;
				CLANG_WARN__DUPLICATE_METHOD_MATCH = YES;
				COPY_PHASE_STRIP = NO;
				DEBUG_INFORMATION_FORMAT = dwarf;
				ENABLE_STRICT_OBJC_MSGSEND = YES;
				ENABLE_TESTABILITY = YES;
				GCC_C_LANGUAGE_STANDARD = gnu11;
				GCC_DYNAMIC_NO_PIC = NO;
				GCC_NO_COMMON_BLOCKS = YES;
				GCC_OPTIMIZATION_LEVEL = 0;
				GCC_PREPROCESSOR_DEFINITIONS = (
					"DEBUG=1",
					"$(inherited)",
				);
				GCC_WARN_64_TO_32_BIT_CONVERSION = YES;
				GCC_WARN_ABOUT_RETURN_TYPE = YES_ERROR;
				GCC_WARN_UNDECLARED_SELECTOR = YES;
				GCC_WARN_UNINITIALIZED_AUTOS = YES_AGGRESSIVE;
				GCC_WARN_UNUSED_FUNCTION = YES;
				GCC_WARN_UNUSED_VARIABLE = YES;
				IPHONEOS_DEPLOYMENT_TARGET = 14.4;
				MTL_ENABLE_DEBUG_INFO = INCLUDE_SOURCE;
				MTL_FAST_MATH = YES;
				ONLY_ACTIVE_ARCH = YES;
				SDKROOT = iphoneos;
				SWIFT_ACTIVE_COMPILATION_CONDITIONS = DEBUG;
				SWIFT_OPTIMIZATION_LEVEL = "-Onone";
			};
			name = Debug;
		};
		1D2F9AD7260CB0F300F62E0F /* Release */ = {
			isa = XCBuildConfiguration;
			buildSettings = {
				ALWAYS_SEARCH_USER_PATHS = NO;
				CLANG_ANALYZER_NONNULL = YES;
				CLANG_ANALYZER_NUMBER_OBJECT_CONVERSION = YES_AGGRESSIVE;
				CLANG_CXX_LANGUAGE_STANDARD = "gnu++14";
				CLANG_CXX_LIBRARY = "libc++";
				CLANG_ENABLE_MODULES = YES;
				CLANG_ENABLE_OBJC_ARC = YES;
				CLANG_ENABLE_OBJC_WEAK = YES;
				CLANG_WARN_BLOCK_CAPTURE_AUTORELEASING = YES;
				CLANG_WARN_BOOL_CONVERSION = YES;
				CLANG_WARN_COMMA = YES;
				CLANG_WARN_CONSTANT_CONVERSION = YES;
				CLANG_WARN_DEPRECATED_OBJC_IMPLEMENTATIONS = YES;
				CLANG_WARN_DIRECT_OBJC_ISA_USAGE = YES_ERROR;
				CLANG_WARN_DOCUMENTATION_COMMENTS = YES;
				CLANG_WARN_EMPTY_BODY = YES;
				CLANG_WARN_ENUM_CONVERSION = YES;
				CLANG_WARN_INFINITE_RECURSION = YES;
				CLANG_WARN_INT_CONVERSION = YES;
				CLANG_WARN_NON_LITERAL_NULL_CONVERSION = YES;
				CLANG_WARN_OBJC_IMPLICIT_RETAIN_SELF = YES;
				CLANG_WARN_OBJC_LITERAL_CONVERSION = YES;
				CLANG_WARN_OBJC_ROOT_CLASS = YES_ERROR;
				CLANG_WARN_QUOTED_INCLUDE_IN_FRAMEWORK_HEADER = YES;
				CLANG_WARN_RANGE_LOOP_ANALYSIS = YES;
				CLANG_WARN_STRICT_PROTOTYPES = YES;
				CLANG_WARN_SUSPICIOUS_MOVE = YES;
				CLANG_WARN_UNGUARDED_AVAILABILITY = YES_AGGRESSIVE;
				CLANG_WARN_UNREACHABLE_CODE = YES;
				CLANG_WARN__DUPLICATE_METHOD_MATCH = YES;
				COPY_PHASE_STRIP = NO;
				DEBUG_INFORMATION_FORMAT = "dwarf-with-dsym";
				ENABLE_NS_ASSERTIONS = NO;
				ENABLE_STRICT_OBJC_MSGSEND = YES;
				GCC_C_LANGUAGE_STANDARD = gnu11;
				GCC_NO_COMMON_BLOCKS = YES;
				GCC_WARN_64_TO_32_BIT_CONVERSION = YES;
				GCC_WARN_ABOUT_RETURN_TYPE = YES_ERROR;
				GCC_WARN_UNDECLARED_SELECTOR = YES;
				GCC_WARN_UNINITIALIZED_AUTOS = YES_AGGRESSIVE;
				GCC_WARN_UNUSED_FUNCTION = YES;
				GCC_WARN_UNUSED_VARIABLE = YES;
				IPHONEOS_DEPLOYMENT_TARGET = 14.4;
				MTL_ENABLE_DEBUG_INFO = NO;
				MTL_FAST_MATH = YES;
				SDKROOT = iphoneos;
				SWIFT_COMPILATION_MODE = wholemodule;
				SWIFT_OPTIMIZATION_LEVEL = "-O";
				VALIDATE_PRODUCT = YES;
			};
			name = Release;
		};
		1D2F9AD9260CB0F300F62E0F /* Debug */ = {
			isa = XCBuildConfiguration;
			baseConfigurationReference = 6C22D6AE522E44FD738AFA9E /* Pods-LittleSearch.debug.xcconfig */;
			buildSettings = {
				API_HOST = "https://api.mercadolibre.com";
				ASSETCATALOG_COMPILER_APPICON_NAME = AppIcon;
				ASSETCATALOG_COMPILER_GLOBAL_ACCENT_COLOR_NAME = AccentColor;
				CODE_SIGN_STYLE = Automatic;
				DEVELOPMENT_TEAM = 2W8RYDG9HE;
				INFOPLIST_FILE = LittleSearch/Info.plist;
				LD_RUNPATH_SEARCH_PATHS = (
					"$(inherited)",
					"@executable_path/Frameworks",
				);
				PRODUCT_BUNDLE_IDENTIFIER = jadeapps.LittleSearch;
				PRODUCT_NAME = "$(TARGET_NAME)";
				SWIFT_VERSION = 5.0;
				TARGETED_DEVICE_FAMILY = "1,2";
			};
			name = Debug;
		};
		1D2F9ADA260CB0F300F62E0F /* Release */ = {
			isa = XCBuildConfiguration;
			baseConfigurationReference = 35A488F11404F1021FA730E0 /* Pods-LittleSearch.release.xcconfig */;
			buildSettings = {
				API_HOST = "https://api.mercadolibre.com";
				ASSETCATALOG_COMPILER_APPICON_NAME = AppIcon;
				ASSETCATALOG_COMPILER_GLOBAL_ACCENT_COLOR_NAME = AccentColor;
				CODE_SIGN_STYLE = Automatic;
				DEVELOPMENT_TEAM = 2W8RYDG9HE;
				INFOPLIST_FILE = LittleSearch/Info.plist;
				LD_RUNPATH_SEARCH_PATHS = (
					"$(inherited)",
					"@executable_path/Frameworks",
				);
				PRODUCT_BUNDLE_IDENTIFIER = jadeapps.LittleSearch;
				PRODUCT_NAME = "$(TARGET_NAME)";
				SWIFT_VERSION = 5.0;
				TARGETED_DEVICE_FAMILY = "1,2";
			};
			name = Release;
		};
		1D2F9ADC260CB0F300F62E0F /* Debug */ = {
			isa = XCBuildConfiguration;
			baseConfigurationReference = 4A767F791CBF9D9291B28B41 /* Pods-LittleSearchTests.debug.xcconfig */;
			buildSettings = {
				ALWAYS_EMBED_SWIFT_STANDARD_LIBRARIES = YES;
				BUNDLE_LOADER = "$(TEST_HOST)";
				CODE_SIGN_STYLE = Automatic;
				DEVELOPMENT_TEAM = 2W8RYDG9HE;
				INFOPLIST_FILE = LittleSearchTests/Info.plist;
				IPHONEOS_DEPLOYMENT_TARGET = 14.4;
				LD_RUNPATH_SEARCH_PATHS = (
					"$(inherited)",
					"@executable_path/Frameworks",
					"@loader_path/Frameworks",
				);
				PRODUCT_BUNDLE_IDENTIFIER = jadeapps.LittleSearchTests;
				PRODUCT_NAME = "$(TARGET_NAME)";
				SWIFT_VERSION = 5.0;
				TARGETED_DEVICE_FAMILY = "1,2";
				TEST_HOST = "$(BUILT_PRODUCTS_DIR)/LittleSearch.app/LittleSearch";
			};
			name = Debug;
		};
		1D2F9ADD260CB0F300F62E0F /* Release */ = {
			isa = XCBuildConfiguration;
			baseConfigurationReference = 84DC71C9C03B5FE5D3269215 /* Pods-LittleSearchTests.release.xcconfig */;
			buildSettings = {
				ALWAYS_EMBED_SWIFT_STANDARD_LIBRARIES = YES;
				BUNDLE_LOADER = "$(TEST_HOST)";
				CODE_SIGN_STYLE = Automatic;
				DEVELOPMENT_TEAM = 2W8RYDG9HE;
				INFOPLIST_FILE = LittleSearchTests/Info.plist;
				IPHONEOS_DEPLOYMENT_TARGET = 14.4;
				LD_RUNPATH_SEARCH_PATHS = (
					"$(inherited)",
					"@executable_path/Frameworks",
					"@loader_path/Frameworks",
				);
				PRODUCT_BUNDLE_IDENTIFIER = jadeapps.LittleSearchTests;
				PRODUCT_NAME = "$(TARGET_NAME)";
				SWIFT_VERSION = 5.0;
				TARGETED_DEVICE_FAMILY = "1,2";
				TEST_HOST = "$(BUILT_PRODUCTS_DIR)/LittleSearch.app/LittleSearch";
			};
			name = Release;
		};
		1D2F9ADF260CB0F300F62E0F /* Debug */ = {
			isa = XCBuildConfiguration;
			baseConfigurationReference = C159B6F250FFDD0205C86B4B /* Pods-LittleSearch-LittleSearchUITests.debug.xcconfig */;
			buildSettings = {
				ALWAYS_EMBED_SWIFT_STANDARD_LIBRARIES = YES;
				CODE_SIGN_STYLE = Automatic;
				DEVELOPMENT_TEAM = 2W8RYDG9HE;
				INFOPLIST_FILE = LittleSearchUITests/Info.plist;
				LD_RUNPATH_SEARCH_PATHS = (
					"$(inherited)",
					"@executable_path/Frameworks",
					"@loader_path/Frameworks",
				);
				PRODUCT_BUNDLE_IDENTIFIER = jadeapps.LittleSearchUITests;
				PRODUCT_NAME = "$(TARGET_NAME)";
				SWIFT_VERSION = 5.0;
				TARGETED_DEVICE_FAMILY = "1,2";
				TEST_TARGET_NAME = LittleSearch;
			};
			name = Debug;
		};
		1D2F9AE0260CB0F300F62E0F /* Release */ = {
			isa = XCBuildConfiguration;
			baseConfigurationReference = F08FDFB42022B9D8612950F9 /* Pods-LittleSearch-LittleSearchUITests.release.xcconfig */;
			buildSettings = {
				ALWAYS_EMBED_SWIFT_STANDARD_LIBRARIES = YES;
				CODE_SIGN_STYLE = Automatic;
				DEVELOPMENT_TEAM = 2W8RYDG9HE;
				INFOPLIST_FILE = LittleSearchUITests/Info.plist;
				LD_RUNPATH_SEARCH_PATHS = (
					"$(inherited)",
					"@executable_path/Frameworks",
					"@loader_path/Frameworks",
				);
				PRODUCT_BUNDLE_IDENTIFIER = jadeapps.LittleSearchUITests;
				PRODUCT_NAME = "$(TARGET_NAME)";
				SWIFT_VERSION = 5.0;
				TARGETED_DEVICE_FAMILY = "1,2";
				TEST_TARGET_NAME = LittleSearch;
			};
			name = Release;
		};
/* End XCBuildConfiguration section */

/* Begin XCConfigurationList section */
		1D2F9AA6260CB0F200F62E0F /* Build configuration list for PBXProject "LittleSearch" */ = {
			isa = XCConfigurationList;
			buildConfigurations = (
				1D2F9AD6260CB0F300F62E0F /* Debug */,
				1D2F9AD7260CB0F300F62E0F /* Release */,
			);
			defaultConfigurationIsVisible = 0;
			defaultConfigurationName = Release;
		};
		1D2F9AD8260CB0F300F62E0F /* Build configuration list for PBXNativeTarget "LittleSearch" */ = {
			isa = XCConfigurationList;
			buildConfigurations = (
				1D2F9AD9260CB0F300F62E0F /* Debug */,
				1D2F9ADA260CB0F300F62E0F /* Release */,
			);
			defaultConfigurationIsVisible = 0;
			defaultConfigurationName = Release;
		};
		1D2F9ADB260CB0F300F62E0F /* Build configuration list for PBXNativeTarget "LittleSearchTests" */ = {
			isa = XCConfigurationList;
			buildConfigurations = (
				1D2F9ADC260CB0F300F62E0F /* Debug */,
				1D2F9ADD260CB0F300F62E0F /* Release */,
			);
			defaultConfigurationIsVisible = 0;
			defaultConfigurationName = Release;
		};
		1D2F9ADE260CB0F300F62E0F /* Build configuration list for PBXNativeTarget "LittleSearchUITests" */ = {
			isa = XCConfigurationList;
			buildConfigurations = (
				1D2F9ADF260CB0F300F62E0F /* Debug */,
				1D2F9AE0260CB0F300F62E0F /* Release */,
			);
			defaultConfigurationIsVisible = 0;
			defaultConfigurationName = Release;
		};
/* End XCConfigurationList section */

/* Begin XCVersionGroup section */
		1D2F9AB7260CB0F200F62E0F /* LittleSearch.xcdatamodeld */ = {
			isa = XCVersionGroup;
			children = (
				1D2F9AB8260CB0F200F62E0F /* LittleSearch.xcdatamodel */,
			);
			currentVersion = 1D2F9AB8260CB0F200F62E0F /* LittleSearch.xcdatamodel */;
			path = LittleSearch.xcdatamodeld;
			sourceTree = "<group>";
			versionGroupType = wrapper.xcdatamodel;
		};
/* End XCVersionGroup section */
	};
	rootObject = 1D2F9AA3260CB0F200F62E0F /* Project object */;
}
